
Microsoft Visual Studio Solution File, Format Version 12.00
# Visual Studio Version 17
VisualStudioVersion = 17.14.36603.0 d17.14
MinimumVisualStudioVersion = 10.0.40219.1
Project("{8BC9CEB8-8B4A-11D0-8D11-00A0C91BC942}") = "三字棋", "三字棋.vcxproj", "{A6B752D8-021E-4BD3-80CA-016620F52ED9}"
EndProject
Global
	GlobalSection(SolutionConfigurationPlatforms) = preSolution
		Debug|x64 = Debug|x64
		Debug|x86 = Debug|x86
		Release|x64 = Release|x64
		Release|x86 = Release|x86
	EndGlobalSection
	GlobalSection(ProjectConfigurationPlatforms) = postSolution
		{A6B752D8-021E-4BD3-80CA-016620F52ED9}.Debug|x64.ActiveCfg = Debug|x64
		{A6B752D8-021E-4BD3-80CA-016620F52ED9}.Debug|x64.Build.0 = Debug|x64
		{A6B752D8-021E-4BD3-80CA-016620F52ED9}.Debug|x86.ActiveCfg = Debug|Win32
		{A6B752D8-021E-4BD3-80CA-016620F52ED9}.Debug|x86.Build.0 = Debug|Win32
		{A6B752D8-021E-4BD3-80CA-016620F52ED9}.Release|x64.ActiveCfg = Release|x64
		{A6B752D8-021E-4BD3-80CA-016620F52ED9}.Release|x64.Build.0 = Release|x64
		{A6B752D8-021E-4BD3-80CA-016620F52ED9}.Release|x86.ActiveCfg = Release|Win32
		{A6B752D8-021E-4BD3-80CA-016620F52ED9}.Release|x86.Build.0 = Release|Win32
	EndGlobalSection
	GlobalSection(SolutionProperties) = preSolution
		HideSolutionNode = FALSE
	EndGlobalSection
	GlobalSection(ExtensibilityGlobals) = postSolution
		SolutionGuid = {AD7F4EF6-AAB1-4461-96A7-B3B018981280}
	EndGlobalSection
EndGlobal
